
Microsoft Visual Studio Solution File, Format Version 12.00
# Visual Studio 15
Project("{FAE04EC0-301F-11D3-BF4B-00C04F79EFBC}") = "MusicPlaylistAnalyzer", "MusicPlaylistAnalyzer\MusicPlaylistAnalyzer.csproj", "{BDA6EF8D-A13A-48F5-B057-0E6FAC564247}"
EndProject
Global
	GlobalSection(SolutionConfigurationPlatforms) = preSolution
		Debug|Any CPU = Debug|Any CPU
		Release|Any CPU = Release|Any CPU
	EndGlobalSection
	GlobalSection(ProjectConfigurationPlatforms) = postSolution
		{BDA6EF8D-A13A-48F5-B057-0E6FAC564247}.Debug|Any CPU.ActiveCfg = Debug|Any CPU
		{BDA6EF8D-A13A-48F5-B057-0E6FAC564247}.Debug|Any CPU.Build.0 = Debug|Any CPU
		{BDA6EF8D-A13A-48F5-B057-0E6FAC564247}.Release|Any CPU.ActiveCfg = Release|Any CPU
		{BDA6EF8D-A13A-48F5-B057-0E6FAC564247}.Release|Any CPU.Build.0 = Release|Any CPU
	EndGlobalSection
EndGlobal
